
Microsoft Visual Studio Solution File, Format Version 12.00
# Visual Studio 2012
Project("{FAE04EC0-301F-11D3-BF4B-00C04F79EFBC}") = "Client", "Client\Client.csproj", "{D5DE1D85-C8C0-462D-9554-FA45AA67DB03}"
EndProject
Project("{FAE04EC0-301F-11D3-BF4B-00C04F79EFBC}") = "Server", "Server\Server.csproj", "{271D75B5-8DC5-4668-B9A4-7EBFFC2BDD21}"
EndProject
Global
	GlobalSection(SolutionConfigurationPlatforms) = preSolution
		Debug|Any CPU = Debug|Any CPU
		Release|Any CPU = Release|Any CPU
	EndGlobalSection
	GlobalSection(ProjectConfigurationPlatforms) = postSolution
		{D5DE1D85-C8C0-462D-9554-FA45AA67DB03}.Debug|Any CPU.ActiveCfg = Debug|Any CPU
		{D5DE1D85-C8C0-462D-9554-FA45AA67DB03}.Debug|Any CPU.Build.0 = Debug|Any CPU
		{D5DE1D85-C8C0-462D-9554-FA45AA67DB03}.Release|Any CPU.ActiveCfg = Release|Any CPU
		{D5DE1D85-C8C0-462D-9554-FA45AA67DB03}.Release|Any CPU.Build.0 = Release|Any CPU
		{271D75B5-8DC5-4668-B9A4-7EBFFC2BDD21}.Debug|Any CPU.ActiveCfg = Debug|Any CPU
		{271D75B5-8DC5-4668-B9A4-7EBFFC2BDD21}.Debug|Any CPU.Build.0 = Debug|Any CPU
		{271D75B5-8DC5-4668-B9A4-7EBFFC2BDD21}.Release|Any CPU.ActiveCfg = Release|Any CPU
		{271D75B5-8DC5-4668-B9A4-7EBFFC2BDD21}.Release|Any CPU.Build.0 = Release|Any CPU
	EndGlobalSection
EndGlobal
